
Microsoft Visual Studio Solution File, Format Version 12.00
Project("{FAE04EC0-301F-11D3-BF4B-00C04F79EFBC}") = "NvimAwesome.CLI", "NvimAwesome.CLI\NvimAwesome.CLI.csproj", "{E0B5A223-1E11-49E0-B27D-C081227DEBBA}"
EndProject
Global
	GlobalSection(SolutionConfigurationPlatforms) = preSolution
		Debug|Any CPU = Debug|Any CPU
		Release|Any CPU = Release|Any CPU
	EndGlobalSection
	GlobalSection(ProjectConfigurationPlatforms) = postSolution
		{E0B5A223-1E11-49E0-B27D-C081227DEBBA}.Debug|Any CPU.ActiveCfg = Debug|Any CPU
		{E0B5A223-1E11-49E0-B27D-C081227DEBBA}.Debug|Any CPU.Build.0 = Debug|Any CPU
		{E0B5A223-1E11-49E0-B27D-C081227DEBBA}.Release|Any CPU.ActiveCfg = Release|Any CPU
		{E0B5A223-1E11-49E0-B27D-C081227DEBBA}.Release|Any CPU.Build.0 = Release|Any CPU
	EndGlobalSection
EndGlobal
